
Microsoft Visual Studio Solution File, Format Version 12.00
# Visual Studio Version 17
VisualStudioVersion = 17.14.36511.14 d17.14
MinimumVisualStudioVersion = 10.0.40219.1
Project("{FAE04EC0-301F-11D3-BF4B-00C04F79EFBC}") = "ProductPricing", "ProductPricing\ProductPricing.csproj", "{9412F917-8B8A-4FB8-A0F2-3B4ED9D302F9}"
EndProject
Project("{FAE04EC0-301F-11D3-BF4B-00C04F79EFBC}") = "ProductPricing.Client", "ProductPricing.Client\ProductPricing.Client.csproj", "{7A51F38C-360C-48A1-A288-2A048D80C084}"
EndProject
Project("{FAE04EC0-301F-11D3-BF4B-00C04F79EFBC}") = "ProductPricing.Tests", "ProductPricing.Tests\ProductPricing.Tests.csproj", "{0B38E223-467B-CB7F-3771-72DB8A1FB610}"
EndProject
Global
	GlobalSection(SolutionConfigurationPlatforms) = preSolution
		Debug|Any CPU = Debug|Any CPU
		Release|Any CPU = Release|Any CPU
	EndGlobalSection
	GlobalSection(ProjectConfigurationPlatforms) = postSolution
		{9412F917-8B8A-4FB8-A0F2-3B4ED9D302F9}.Debug|Any CPU.ActiveCfg = Debug|Any CPU
		{9412F917-8B8A-4FB8-A0F2-3B4ED9D302F9}.Debug|Any CPU.Build.0 = Debug|Any CPU
		{9412F917-8B8A-4FB8-A0F2-3B4ED9D302F9}.Release|Any CPU.ActiveCfg = Release|Any CPU
		{9412F917-8B8A-4FB8-A0F2-3B4ED9D302F9}.Release|Any CPU.Build.0 = Release|Any CPU
		{7A51F38C-360C-48A1-A288-2A048D80C084}.Debug|Any CPU.ActiveCfg = Debug|Any CPU
		{7A51F38C-360C-48A1-A288-2A048D80C084}.Debug|Any CPU.Build.0 = Debug|Any CPU
		{7A51F38C-360C-48A1-A288-2A048D80C084}.Release|Any CPU.ActiveCfg = Release|Any CPU
		{7A51F38C-360C-48A1-A288-2A048D80C084}.Release|Any CPU.Build.0 = Release|Any CPU
		{0B38E223-467B-CB7F-3771-72DB8A1FB610}.Debug|Any CPU.ActiveCfg = Debug|Any CPU
		{0B38E223-467B-CB7F-3771-72DB8A1FB610}.Debug|Any CPU.Build.0 = Debug|Any CPU
		{0B38E223-467B-CB7F-3771-72DB8A1FB610}.Release|Any CPU.ActiveCfg = Release|Any CPU
		{0B38E223-467B-CB7F-3771-72DB8A1FB610}.Release|Any CPU.Build.0 = Release|Any CPU
	EndGlobalSection
	GlobalSection(SolutionProperties) = preSolution
		HideSolutionNode = FALSE
	EndGlobalSection
	GlobalSection(ExtensibilityGlobals) = postSolution
		SolutionGuid = {0678F5A2-EDCF-4BD1-B0A9-5CACF2261B13}
	EndGlobalSection
EndGlobal
